{
  "name": "cc-manager",
  "version": "0.2.0",
  "lockfileVersion": 3,
  "requires": true,
  "packages": {
    "": {
      "name": "cc-manager",
      "version": "0.2.0",
      "license": "MIT",
      "bin": {
        "cc-manager": "bin/cc-manager.js"
      },
      "engines": {
        "node": ">=18.17"
      }
    }
  }
}
